
Microsoft Visual Studio Solution File, Format Version 12.00
# Visual Studio Version 16
VisualStudioVersion = 16.0.30114.105
MinimumVisualStudioVersion = 10.0.40219.1
Project("{FAE04EC0-301F-11D3-BF4B-00C04F79EFBC}") = "ExamenUnidad1", "ExamenUnidad1\ExamenUnidad1.csproj", "{60570293-5E1A-4B2B-976D-1989554F3CA2}"
EndProject
Project("{FAE04EC0-301F-11D3-BF4B-00C04F79EFBC}") = "BEUEjemplo", "BEUEjemplo\BEUEjemplo.csproj", "{287E37D6-3FE5-481E-9F76-BABCCE87935C}"
EndProject
Global
	GlobalSection(SolutionConfigurationPlatforms) = preSolution
		Debug|Any CPU = Debug|Any CPU
		Release|Any CPU = Release|Any CPU
	EndGlobalSection
	GlobalSection(ProjectConfigurationPlatforms) = postSolution
		{60570293-5E1A-4B2B-976D-1989554F3CA2}.Debug|Any CPU.ActiveCfg = Debug|Any CPU
		{60570293-5E1A-4B2B-976D-1989554F3CA2}.Debug|Any CPU.Build.0 = Debug|Any CPU
		{60570293-5E1A-4B2B-976D-1989554F3CA2}.Release|Any CPU.ActiveCfg = Release|Any CPU
		{60570293-5E1A-4B2B-976D-1989554F3CA2}.Release|Any CPU.Build.0 = Release|Any CPU
		{287E37D6-3FE5-481E-9F76-BABCCE87935C}.Debug|Any CPU.ActiveCfg = Debug|Any CPU
		{287E37D6-3FE5-481E-9F76-BABCCE87935C}.Debug|Any CPU.Build.0 = Debug|Any CPU
		{287E37D6-3FE5-481E-9F76-BABCCE87935C}.Release|Any CPU.ActiveCfg = Release|Any CPU
		{287E37D6-3FE5-481E-9F76-BABCCE87935C}.Release|Any CPU.Build.0 = Release|Any CPU
	EndGlobalSection
	GlobalSection(SolutionProperties) = preSolution
		HideSolutionNode = FALSE
	EndGlobalSection
	GlobalSection(ExtensibilityGlobals) = postSolution
		SolutionGuid = {53A65559-D095-4AC1-A473-6A2DBE1779B8}
	EndGlobalSection
EndGlobal
